PODS:
  - Cache (6.0.0)
  - Flutter (1.0.0)
  - integration_test (0.0.1):
    - Flutter
  - tezda_ios_player (0.0.1):
    - Cache
    - Flutter

DEPENDENCIES:
  - Flutter (from `Flutter`)
  - integration_test (from `.symlinks/plugins/integration_test/ios`)
  - tezda_ios_player (from `.symlinks/plugins/tezda_ios_player/ios`)

SPEC REPOS:
  trunk:
    - Cache

EXTERNAL SOURCES:
  Flutter:
    :path: Flutter
  integration_test:
    :path: ".symlinks/plugins/integration_test/ios"
  tezda_ios_player:
    :path: ".symlinks/plugins/tezda_ios_player/ios"

SPEC CHECKSUMS:
  Cache: 4ca7e00363fca5455f26534e5607634c820ffc2d
  Flutter: e0871f40cf51350855a761d2e70bf5af5b9b5de7
  integration_test: 4a889634ef21a45d28d50d622cf412dc6d9f586e
  tezda_ios_player: d3ff5006e8af356e02176b392d80a84838a77fde

PODFILE CHECKSUM: 4305caec6b40dde0ae97be1573c53de1882a07e5

COCOAPODS: 1.16.2
